
Microsoft Visual Studio Solution File, Format Version 12.00
# Visual Studio 2012
Project("{FAE04EC0-301F-11D3-BF4B-00C04F79EFBC}") = "dx", "dx\dx.csproj", "{02C3B3E1-3008-4B86-BC8E-1E7D3D1ED9A8}"
EndProject
Project("{FAE04EC0-301F-11D3-BF4B-00C04F79EFBC}") = "UnitTestProject1", "UnitTestProject1\UnitTestProject1.csproj", "{297224C2-1A98-44AE-8D2B-B983EC1D6B5B}"
EndProject
Global
	GlobalSection(SolutionConfigurationPlatforms) = preSolution
		Debug|Any CPU = Debug|Any CPU
		Debug|ARM = Debug|ARM
		Debug|x64 = Debug|x64
		Debug|x86 = Debug|x86
		Release|Any CPU = Release|Any CPU
		Release|ARM = Release|ARM
		Release|x64 = Release|x64
		Release|x86 = Release|x86
	EndGlobalSection
	GlobalSection(ProjectConfigurationPlatforms) = postSolution
		{02C3B3E1-3008-4B86-BC8E-1E7D3D1ED9A8}.Debug|Any CPU.ActiveCfg = Debug|Any CPU
		{02C3B3E1-3008-4B86-BC8E-1E7D3D1ED9A8}.Debug|Any CPU.Build.0 = Debug|Any CPU
		{02C3B3E1-3008-4B86-BC8E-1E7D3D1ED9A8}.Debug|ARM.ActiveCfg = Debug|Any CPU
		{02C3B3E1-3008-4B86-BC8E-1E7D3D1ED9A8}.Debug|x64.ActiveCfg = Debug|Any CPU
		{02C3B3E1-3008-4B86-BC8E-1E7D3D1ED9A8}.Debug|x86.ActiveCfg = Debug|Any CPU
		{02C3B3E1-3008-4B86-BC8E-1E7D3D1ED9A8}.Release|Any CPU.ActiveCfg = Release|Any CPU
		{02C3B3E1-3008-4B86-BC8E-1E7D3D1ED9A8}.Release|Any CPU.Build.0 = Release|Any CPU
		{02C3B3E1-3008-4B86-BC8E-1E7D3D1ED9A8}.Release|ARM.ActiveCfg = Release|Any CPU
		{02C3B3E1-3008-4B86-BC8E-1E7D3D1ED9A8}.Release|x64.ActiveCfg = Release|Any CPU
		{02C3B3E1-3008-4B86-BC8E-1E7D3D1ED9A8}.Release|x86.ActiveCfg = Release|Any CPU
		{297224C2-1A98-44AE-8D2B-B983EC1D6B5B}.Debug|Any CPU.ActiveCfg = Debug|Any CPU
		{297224C2-1A98-44AE-8D2B-B983EC1D6B5B}.Debug|Any CPU.Build.0 = Debug|Any CPU
		{297224C2-1A98-44AE-8D2B-B983EC1D6B5B}.Debug|ARM.ActiveCfg = Debug|Any CPU
		{297224C2-1A98-44AE-8D2B-B983EC1D6B5B}.Debug|x64.ActiveCfg = Debug|Any CPU
		{297224C2-1A98-44AE-8D2B-B983EC1D6B5B}.Debug|x86.ActiveCfg = Debug|Any CPU
		{297224C2-1A98-44AE-8D2B-B983EC1D6B5B}.Release|Any CPU.ActiveCfg = Release|Any CPU
		{297224C2-1A98-44AE-8D2B-B983EC1D6B5B}.Release|Any CPU.Build.0 = Release|Any CPU
		{297224C2-1A98-44AE-8D2B-B983EC1D6B5B}.Release|ARM.ActiveCfg = Release|Any CPU
		{297224C2-1A98-44AE-8D2B-B983EC1D6B5B}.Release|x64.ActiveCfg = Release|Any CPU
		{297224C2-1A98-44AE-8D2B-B983EC1D6B5B}.Release|x86.ActiveCfg = Release|Any CPU
	EndGlobalSection
	GlobalSection(SolutionProperties) = preSolution
		HideSolutionNode = FALSE
	EndGlobalSection
EndGlobal
